
Microsoft Visual Studio Solution File, Format Version 12.00
# Visual Studio 2012
Project("{FAE04EC0-301F-11D3-BF4B-00C04F79EFBC}") = "001_TypeCodeToStatOrStrat_Before", "TypeCodeToStatOrStrat\001_TypeCodeToStatOrStrat_Before.csproj", "{25CE4178-CC74-4AEC-A7FF-5C5D69B3E8BF}"
EndProject
Project("{FAE04EC0-301F-11D3-BF4B-00C04F79EFBC}") = "002_TypeCodeToStatOrStrat_After", "TypeCodeToStatOrStrat2\002_TypeCodeToStatOrStrat_After.csproj", "{4A4773E8-E939-4077-9BAC-F59625303FFC}"
EndProject
Global
	GlobalSection(SolutionConfigurationPlatforms) = preSolution
		Debug|x86 = Debug|x86
		Release|x86 = Release|x86
	EndGlobalSection
	GlobalSection(ProjectConfigurationPlatforms) = postSolution
		{25CE4178-CC74-4AEC-A7FF-5C5D69B3E8BF}.Debug|x86.ActiveCfg = Debug|x86
		{25CE4178-CC74-4AEC-A7FF-5C5D69B3E8BF}.Debug|x86.Build.0 = Debug|x86
		{25CE4178-CC74-4AEC-A7FF-5C5D69B3E8BF}.Release|x86.ActiveCfg = Release|x86
		{25CE4178-CC74-4AEC-A7FF-5C5D69B3E8BF}.Release|x86.Build.0 = Release|x86
		{4A4773E8-E939-4077-9BAC-F59625303FFC}.Debug|x86.ActiveCfg = Debug|x86
		{4A4773E8-E939-4077-9BAC-F59625303FFC}.Debug|x86.Build.0 = Debug|x86
		{4A4773E8-E939-4077-9BAC-F59625303FFC}.Release|x86.ActiveCfg = Release|x86
		{4A4773E8-E939-4077-9BAC-F59625303FFC}.Release|x86.Build.0 = Release|x86
	EndGlobalSection
	GlobalSection(SolutionProperties) = preSolution
		HideSolutionNode = FALSE
	EndGlobalSection
EndGlobal
