
Microsoft Visual Studio Solution File, Format Version 11.00
# Visual Studio 2010
Project("{FAE04EC0-301F-11D3-BF4B-00C04F79EFBC}") = "001_ConsolidateDuplCondFrags_Before", "ConsolidateDuplCondFrags\001_ConsolidateDuplCondFrags_Before.csproj", "{A212E5EB-3CCD-461A-B35B-E410C028131D}"
EndProject
Project("{FAE04EC0-301F-11D3-BF4B-00C04F79EFBC}") = "002_ConsolidateDuplCondFrags_After", "ConsolidateDuplCondFrags2\002_ConsolidateDuplCondFrags_After.csproj", "{3C14F0DC-24E5-4967-981E-9899E4951ED8}"
EndProject
Global
	GlobalSection(SolutionConfigurationPlatforms) = preSolution
		Debug|x86 = Debug|x86
		Release|x86 = Release|x86
	EndGlobalSection
	GlobalSection(ProjectConfigurationPlatforms) = postSolution
		{A212E5EB-3CCD-461A-B35B-E410C028131D}.Debug|x86.ActiveCfg = Debug|x86
		{A212E5EB-3CCD-461A-B35B-E410C028131D}.Debug|x86.Build.0 = Debug|x86
		{A212E5EB-3CCD-461A-B35B-E410C028131D}.Release|x86.ActiveCfg = Release|x86
		{A212E5EB-3CCD-461A-B35B-E410C028131D}.Release|x86.Build.0 = Release|x86
		{3C14F0DC-24E5-4967-981E-9899E4951ED8}.Debug|x86.ActiveCfg = Debug|x86
		{3C14F0DC-24E5-4967-981E-9899E4951ED8}.Debug|x86.Build.0 = Debug|x86
		{3C14F0DC-24E5-4967-981E-9899E4951ED8}.Release|x86.ActiveCfg = Release|x86
		{3C14F0DC-24E5-4967-981E-9899E4951ED8}.Release|x86.Build.0 = Release|x86
	EndGlobalSection
	GlobalSection(SolutionProperties) = preSolution
		HideSolutionNode = FALSE
	EndGlobalSection
EndGlobal
